
Microsoft Visual Studio Solution File, Format Version 12.00
# Visual Studio 15
VisualStudioVersion = 15.0.28307.421
MinimumVisualStudioVersion = 10.0.40219.1
Project("{9A19103F-16F7-4668-BE54-9A1E7A4F7556}") = "sec16_comparison", "sec16_lambda_delegates_linq\sec16_comparison.csproj", "{33650975-D1C5-4B94-A1BB-4719DB603D86}"
EndProject
Project("{9A19103F-16F7-4668-BE54-9A1E7A4F7556}") = "sec16_delegates", "sec16_delegates\sec16_delegates.csproj", "{6C9C4282-B4E4-40C5-856E-B8D5B7E812A0}"
EndProject
Project("{9A19103F-16F7-4668-BE54-9A1E7A4F7556}") = "sec16_multicast_delegates", "sec16_multicast_delegates\sec16_multicast_delegates.csproj", "{DD129080-83EA-47A1-8FCA-99D05C2C1DB7}"
EndProject
Project("{9A19103F-16F7-4668-BE54-9A1E7A4F7556}") = "sec16_delegate_predicate", "sec16_delegate_predicate\sec16_delegate_predicate.csproj", "{F8C344E7-2A9B-4B28-8603-8FF3ECD79CA8}"
EndProject
Project("{9A19103F-16F7-4668-BE54-9A1E7A4F7556}") = "sec16_delegate_action", "sec16_delegate_action\sec16_delegate_action.csproj", "{A0994400-28D8-40A6-95E5-32A5762595B7}"
EndProject
Project("{9A19103F-16F7-4668-BE54-9A1E7A4F7556}") = "sec16_delegate_func", "sec16_delegate_func\sec16_delegate_func.csproj", "{ED2B6DC0-9928-4572-B3D2-2D1E02DE5A94}"
EndProject
Project("{9A19103F-16F7-4668-BE54-9A1E7A4F7556}") = "sec16_linq", "sec16_linq\sec16_linq.csproj", "{B96AD4FA-7D26-4523-860F-E1E0F63A5959}"
EndProject
Project("{FAE04EC0-301F-11D3-BF4B-00C04F79EFBC}") = "sec16_linq_lambda", "sec16_linq_lambda\sec16_linq_lambda.csproj", "{F824B04C-F8EB-47BD-B0A1-4C9631EA0EE8}"
EndProject
Global
	GlobalSection(SolutionConfigurationPlatforms) = preSolution
		Debug|Any CPU = Debug|Any CPU
		Release|Any CPU = Release|Any CPU
	EndGlobalSection
	GlobalSection(ProjectConfigurationPlatforms) = postSolution
		{33650975-D1C5-4B94-A1BB-4719DB603D86}.Debug|Any CPU.ActiveCfg = Debug|Any CPU
		{33650975-D1C5-4B94-A1BB-4719DB603D86}.Debug|Any CPU.Build.0 = Debug|Any CPU
		{33650975-D1C5-4B94-A1BB-4719DB603D86}.Release|Any CPU.ActiveCfg = Release|Any CPU
		{33650975-D1C5-4B94-A1BB-4719DB603D86}.Release|Any CPU.Build.0 = Release|Any CPU
		{6C9C4282-B4E4-40C5-856E-B8D5B7E812A0}.Debug|Any CPU.ActiveCfg = Debug|Any CPU
		{6C9C4282-B4E4-40C5-856E-B8D5B7E812A0}.Debug|Any CPU.Build.0 = Debug|Any CPU
		{6C9C4282-B4E4-40C5-856E-B8D5B7E812A0}.Release|Any CPU.ActiveCfg = Release|Any CPU
		{6C9C4282-B4E4-40C5-856E-B8D5B7E812A0}.Release|Any CPU.Build.0 = Release|Any CPU
		{DD129080-83EA-47A1-8FCA-99D05C2C1DB7}.Debug|Any CPU.ActiveCfg = Debug|Any CPU
		{DD129080-83EA-47A1-8FCA-99D05C2C1DB7}.Debug|Any CPU.Build.0 = Debug|Any CPU
		{DD129080-83EA-47A1-8FCA-99D05C2C1DB7}.Release|Any CPU.ActiveCfg = Release|Any CPU
		{DD129080-83EA-47A1-8FCA-99D05C2C1DB7}.Release|Any CPU.Build.0 = Release|Any CPU
		{F8C344E7-2A9B-4B28-8603-8FF3ECD79CA8}.Debug|Any CPU.ActiveCfg = Debug|Any CPU
		{F8C344E7-2A9B-4B28-8603-8FF3ECD79CA8}.Debug|Any CPU.Build.0 = Debug|Any CPU
		{F8C344E7-2A9B-4B28-8603-8FF3ECD79CA8}.Release|Any CPU.ActiveCfg = Release|Any CPU
		{F8C344E7-2A9B-4B28-8603-8FF3ECD79CA8}.Release|Any CPU.Build.0 = Release|Any CPU
		{A0994400-28D8-40A6-95E5-32A5762595B7}.Debug|Any CPU.ActiveCfg = Debug|Any CPU
		{A0994400-28D8-40A6-95E5-32A5762595B7}.Debug|Any CPU.Build.0 = Debug|Any CPU
		{A0994400-28D8-40A6-95E5-32A5762595B7}.Release|Any CPU.ActiveCfg = Release|Any CPU
		{A0994400-28D8-40A6-95E5-32A5762595B7}.Release|Any CPU.Build.0 = Release|Any CPU
		{ED2B6DC0-9928-4572-B3D2-2D1E02DE5A94}.Debug|Any CPU.ActiveCfg = Debug|Any CPU
		{ED2B6DC0-9928-4572-B3D2-2D1E02DE5A94}.Debug|Any CPU.Build.0 = Debug|Any CPU
		{ED2B6DC0-9928-4572-B3D2-2D1E02DE5A94}.Release|Any CPU.ActiveCfg = Release|Any CPU
		{ED2B6DC0-9928-4572-B3D2-2D1E02DE5A94}.Release|Any CPU.Build.0 = Release|Any CPU
		{B96AD4FA-7D26-4523-860F-E1E0F63A5959}.Debug|Any CPU.ActiveCfg = Debug|Any CPU
		{B96AD4FA-7D26-4523-860F-E1E0F63A5959}.Debug|Any CPU.Build.0 = Debug|Any CPU
		{B96AD4FA-7D26-4523-860F-E1E0F63A5959}.Release|Any CPU.ActiveCfg = Release|Any CPU
		{B96AD4FA-7D26-4523-860F-E1E0F63A5959}.Release|Any CPU.Build.0 = Release|Any CPU
		{F824B04C-F8EB-47BD-B0A1-4C9631EA0EE8}.Debug|Any CPU.ActiveCfg = Debug|Any CPU
		{F824B04C-F8EB-47BD-B0A1-4C9631EA0EE8}.Debug|Any CPU.Build.0 = Debug|Any CPU
		{F824B04C-F8EB-47BD-B0A1-4C9631EA0EE8}.Release|Any CPU.ActiveCfg = Release|Any CPU
		{F824B04C-F8EB-47BD-B0A1-4C9631EA0EE8}.Release|Any CPU.Build.0 = Release|Any CPU
	EndGlobalSection
	GlobalSection(SolutionProperties) = preSolution
		HideSolutionNode = FALSE
	EndGlobalSection
	GlobalSection(ExtensibilityGlobals) = postSolution
		SolutionGuid = {F72DE1DA-B09D-4FB5-8F02-F89F5FADB391}
	EndGlobalSection
EndGlobal
