
Microsoft Visual Studio Solution File, Format Version 12.00
# Visual Studio 15
VisualStudioVersion = 15.0.28010.2026
MinimumVisualStudioVersion = 10.0.40219.1
Project("{FAE04EC0-301F-11D3-BF4B-00C04F79EFBC}") = "Instalador_de_programas_padrao", "Instalador_de_programas_padrao\Instalador_de_programas_padrao.csproj", "{95AB4F7E-4176-4589-B402-20AE3341BB46}"
EndProject
Global
	GlobalSection(SolutionConfigurationPlatforms) = preSolution
		Debug|Any CPU = Debug|Any CPU
		Release|Any CPU = Release|Any CPU
	EndGlobalSection
	GlobalSection(ProjectConfigurationPlatforms) = postSolution
		{95AB4F7E-4176-4589-B402-20AE3341BB46}.Debug|Any CPU.ActiveCfg = Debug|Any CPU
		{95AB4F7E-4176-4589-B402-20AE3341BB46}.Debug|Any CPU.Build.0 = Debug|Any CPU
		{95AB4F7E-4176-4589-B402-20AE3341BB46}.Release|Any CPU.ActiveCfg = Release|Any CPU
		{95AB4F7E-4176-4589-B402-20AE3341BB46}.Release|Any CPU.Build.0 = Release|Any CPU
	EndGlobalSection
	GlobalSection(SolutionProperties) = preSolution
		HideSolutionNode = FALSE
	EndGlobalSection
	GlobalSection(ExtensibilityGlobals) = postSolution
		SolutionGuid = {91695BDF-A469-4759-8837-F17C979E761C}
	EndGlobalSection
EndGlobal
