
Microsoft Visual Studio Solution File, Format Version 12.00
# Visual Studio 15
VisualStudioVersion = 15.0.28307.421
MinimumVisualStudioVersion = 10.0.40219.1
Project("{FAE04EC0-301F-11D3-BF4B-00C04F79EFBC}") = "sec15_topicos_especiais_pt2", "sec15_topicos_especiais_pt2\sec15_topicos_especiais_pt2.csproj", "{F3175E1E-B843-4610-92A5-660114CC5C17}"
EndProject
Global
	GlobalSection(SolutionConfigurationPlatforms) = preSolution
		Debug|Any CPU = Debug|Any CPU
		Release|Any CPU = Release|Any CPU
	EndGlobalSection
	GlobalSection(ProjectConfigurationPlatforms) = postSolution
		{F3175E1E-B843-4610-92A5-660114CC5C17}.Debug|Any CPU.ActiveCfg = Debug|Any CPU
		{F3175E1E-B843-4610-92A5-660114CC5C17}.Debug|Any CPU.Build.0 = Debug|Any CPU
		{F3175E1E-B843-4610-92A5-660114CC5C17}.Release|Any CPU.ActiveCfg = Release|Any CPU
		{F3175E1E-B843-4610-92A5-660114CC5C17}.Release|Any CPU.Build.0 = Release|Any CPU
	EndGlobalSection
	GlobalSection(SolutionProperties) = preSolution
		HideSolutionNode = FALSE
	EndGlobalSection
	GlobalSection(ExtensibilityGlobals) = postSolution
		SolutionGuid = {F60D4C36-A1A5-4745-9479-80F462ED65EF}
	EndGlobalSection
EndGlobal
